// !$*UTF8*$!
{
	archiveVersion = 1;
	classes = {
	};
	objectVersion = 46;
	objects = {

/* Begin PBXBuildFile section */
		D03DA3991E3733CB00D439C9 /* AppDelegate.swift in Sources */ = {isa = PBXBuildFile; fileRef = D03DA3981E3733CB00D439C9 /* AppDelegate.swift */; };
		D03DA39E1E3733CB00D439C9 /* Main.storyboard in Resources */ = {isa = PBXBuildFile; fileRef = D03DA39C1E3733CB00D439C9 /* Main.storyboard */; };
		D03DA3A01E3733CB00D439C9 /* Assets.xcassets in Resources */ = {isa = PBXBuildFile; fileRef = D03DA39F1E3733CB00D439C9 /* Assets.xcassets */; };
		D03DA3A31E3733CB00D439C9 /* LaunchScreen.storyboard in Resources */ = {isa = PBXBuildFile; fileRef = D03DA3A11E3733CB00D439C9 /* LaunchScreen.storyboard */; };
		D03DA3B31E37386500D439C9 /* Home.storyboard in Resources */ = {isa = PBXBuildFile; fileRef = D03DA3B11E37386500D439C9 /* Home.storyboard */; };
		D03DA3B61E37388100D439C9 /* Live.storyboard in Resources */ = {isa = PBXBuildFile; fileRef = D03DA3B41E37388100D439C9 /* Live.storyboard */; };
		D03DA3B91E37389D00D439C9 /* Follow.storyboard in Resources */ = {isa = PBXBuildFile; fileRef = D03DA3B71E37389D00D439C9 /* Follow.storyboard */; };
		D03DA3BC1E3738B400D439C9 /* Profile.storyboard in Resources */ = {isa = PBXBuildFile; fileRef = D03DA3BA1E3738B400D439C9 /* Profile.storyboard */; };
		D03DA3BE1E3738F000D439C9 /* MainViewController.swift in Sources */ = {isa = PBXBuildFile; fileRef = D03DA3BD1E3738F000D439C9 /* MainViewController.swift */; };
/* End PBXBuildFile section */

/* Begin PBXFileReference section */
		D03DA3951E3733CB00D439C9 /* DouYuTV.app */ = {isa = PBXFileReference; explicitFileType = wrapper.application; includeInIndex = 0; path = DouYuTV.app; sourceTree = BUILT_PRODUCTS_DIR; };
		D03DA3981E3733CB00D439C9 /* AppDelegate.swift */ = {isa = PBXFileReference; lastKnownFileType = sourcecode.swift; path = AppDelegate.swift; sourceTree = "<group>"; };
		D03DA39D1E3733CB00D439C9 /* Base */ = {isa = PBXFileReference; lastKnownFileType = file.storyboard; name = Base; path = Base.lproj/Main.storyboard; sourceTree = "<group>"; };
		D03DA39F1E3733CB00D439C9 /* Assets.xcassets */ = {isa = PBXFileReference; lastKnownFileType = folder.assetcatalog; path = Assets.xcassets; sourceTree = "<group>"; };
		D03DA3A21E3733CB00D439C9 /* Base */ = {isa = PBXFileReference; lastKnownFileType = file.storyboard; name = Base; path = Base.lproj/LaunchScreen.storyboard; sourceTree = "<group>"; };
		D03DA3A41E3733CB00D439C9 /* Info.plist */ = {isa = PBXFileReference; lastKnownFileType = text.plist.xml; path = Info.plist; sourceTree = "<group>"; };
		D03DA3B21E37386500D439C9 /* Base */ = {isa = PBXFileReference; lastKnownFileType = file.storyboard; name = Base; path = Base.lproj/Home.storyboard; sourceTree = "<group>"; };
		D03DA3B51E37388100D439C9 /* Base */ = {isa = PBXFileReference; lastKnownFileType = file.storyboard; name = Base; path = Base.lproj/Live.storyboard; sourceTree = "<group>"; };
		D03DA3B81E37389D00D439C9 /* Base */ = {isa = PBXFileReference; lastKnownFileType = file.storyboard; name = Base; path = Base.lproj/Follow.storyboard; sourceTree = "<group>"; };
		D03DA3BB1E3738B400D439C9 /* Base */ = {isa = PBXFileReference; lastKnownFileType = file.storyboard; name = Base; path = Base.lproj/Profile.storyboard; sourceTree = "<group>"; };
		D03DA3BD1E3738F000D439C9 /* MainViewController.swift */ = {isa = PBXFileReference; fileEncoding = 4; lastKnownFileType = sourcecode.swift; path = MainViewController.swift; sourceTree = "<group>"; };
/* End PBXFileReference section */

/* Begin PBXFrameworksBuildPhase section */
		D03DA3921E3733CB00D439C9 /* Frameworks */ = {
			isa = PBXFrameworksBuildPhase;
			buildActionMask = 2147483647;
			files = (
			);
			runOnlyForDeploymentPostprocessing = 0;
		};
/* End PBXFrameworksBuildPhase section */

/* Begin PBXGroup section */
		D03DA38C1E3733CB00D439C9 = {
			isa = PBXGroup;
			children = (
				D03DA3971E3733CB00D439C9 /* DouYuTV */,
				D03DA3961E3733CB00D439C9 /* Products */,
			);
			sourceTree = "<group>";
		};
		D03DA3961E3733CB00D439C9 /* Products */ = {
			isa = PBXGroup;
			children = (
				D03DA3951E3733CB00D439C9 /* DouYuTV.app */,
			);
			name = Products;
			sourceTree = "<group>";
		};
		D03DA3971E3733CB00D439C9 /* DouYuTV */ = {
			isa = PBXGroup;
			children = (
				D03DA3AA1E37341A00D439C9 /* Classes */,
				D03DA3981E3733CB00D439C9 /* AppDelegate.swift */,
				D03DA39F1E3733CB00D439C9 /* Assets.xcassets */,
				D03DA3A11E3733CB00D439C9 /* LaunchScreen.storyboard */,
				D03DA3A41E3733CB00D439C9 /* Info.plist */,
			);
			path = DouYuTV;
			sourceTree = "<group>";
		};
		D03DA3AA1E37341A00D439C9 /* Classes */ = {
			isa = PBXGroup;
			children = (
				D03DA3AE1E37341A00D439C9 /* Main */,
				D03DA3AC1E37341A00D439C9 /* Home */,
				D03DA3AD1E37341A00D439C9 /* Live */,
				D03DA3AB1E37341A00D439C9 /* Follow */,
				D03DA3AF1E37341A00D439C9 /* Profile */,
				D03DA3B01E37341A00D439C9 /* Tools */,
			);
			path = Classes;
			sourceTree = "<group>";
		};
		D03DA3AB1E37341A00D439C9 /* Follow */ = {
			isa = PBXGroup;
			children = (
				D03DA3B71E37389D00D439C9 /* Follow.storyboard */,
			);
			path = Follow;
			sourceTree = "<group>";
		};
		D03DA3AC1E37341A00D439C9 /* Home */ = {
			isa = PBXGroup;
			children = (
				D03DA3B11E37386500D439C9 /* Home.storyboard */,
			);
			path = Home;
			sourceTree = "<group>";
		};
		D03DA3AD1E37341A00D439C9 /* Live */ = {
			isa = PBXGroup;
			children = (
				D03DA3B41E37388100D439C9 /* Live.storyboard */,
			);
			path = Live;
			sourceTree = "<group>";
		};
		D03DA3AE1E37341A00D439C9 /* Main */ = {
			isa = PBXGroup;
			children = (
				D03DA39C1E3733CB00D439C9 /* Main.storyboard */,
				D03DA3BD1E3738F000D439C9 /* MainViewController.swift */,
			);
			path = Main;
			sourceTree = "<group>";
		};
		D03DA3AF1E37341A00D439C9 /* Profile */ = {
			isa = PBXGroup;
			children = (
				D03DA3BA1E3738B400D439C9 /* Profile.storyboard */,
			);
			path = Profile;
			sourceTree = "<group>";
		};
		D03DA3B01E37341A00D439C9 /* Tools */ = {
			isa = PBXGroup;
			children = (
			);
			path = Tools;
			sourceTree = "<group>";
		};
/* End PBXGroup section */

/* Begin PBXNativeTarget section */
		D03DA3941E3733CB00D439C9 /* DouYuTV */ = {
			isa = PBXNativeTarget;
			buildConfigurationList = D03DA3A71E3733CB00D439C9 /* Build configuration list for PBXNativeTarget "DouYuTV" */;
			buildPhases = (
				D03DA3911E3733CB00D439C9 /* Sources */,
				D03DA3921E3733CB00D439C9 /* Frameworks */,
				D03DA3931E3733CB00D439C9 /* Resources */,
			);
			buildRules = (
			);
			dependencies = (
			);
			name = DouYuTV;
			productName = DouYuTV;
			productReference = D03DA3951E3733CB00D439C9 /* DouYuTV.app */;
			productType = "com.apple.product-type.application";
		};
/* End PBXNativeTarget section */

/* Begin PBXProject section */
		D03DA38D1E3733CB00D439C9 /* Project object */ = {
			isa = PBXProject;
			attributes = {
				LastSwiftUpdateCheck = 0820;
				LastUpgradeCheck = 0820;
				ORGANIZATIONNAME = jerei;
				TargetAttributes = {
					D03DA3941E3733CB00D439C9 = {
						CreatedOnToolsVersion = 8.2;
						DevelopmentTeam = 64S32V5VAH;
						ProvisioningStyle = Automatic;
					};
				};
			};
			buildConfigurationList = D03DA3901E3733CB00D439C9 /* Build configuration list for PBXProject "DouYuTV" */;
			compatibilityVersion = "Xcode 3.2";
			developmentRegion = English;
			hasScannedForEncodings = 0;
			knownRegions = (
				en,
				Base,
			);
			mainGroup = D03DA38C1E3733CB00D439C9;
			productRefGroup = D03DA3961E3733CB00D439C9 /* Products */;
			projectDirPath = "";
			projectRoot = "";
			targets = (
				D03DA3941E3733CB00D439C9 /* DouYuTV */,
			);
		};
/* End PBXProject section */

/* Begin PBXResourcesBuildPhase section */
		D03DA3931E3733CB00D439C9 /* Resources */ = {
			isa = PBXResourcesBuildPhase;
			buildActionMask = 2147483647;
			files = (
				D03DA3A31E3733CB00D439C9 /* LaunchScreen.storyboard in Resources */,
				D03DA3A01E3733CB00D439C9 /* Assets.xcassets in Resources */,
				D03DA39E1E3733CB00D439C9 /* Main.storyboard in Resources */,
				D03DA3B61E37388100D439C9 /* Live.storyboard in Resources */,
				D03DA3B31E37386500D439C9 /* Home.storyboard in Resources */,
				D03DA3BC1E3738B400D439C9 /* Profile.storyboard in Resources */,
				D03DA3B91E37389D00D439C9 /* Follow.storyboard in Resources */,
			);
			runOnlyForDeploymentPostprocessing = 0;
		};
/* End PBXResourcesBuildPhase section */

/* Begin PBXSourcesBuildPhase section */
		D03DA3911E3733CB00D439C9 /* Sources */ = {
			isa = PBXSourcesBuildPhase;
			buildActionMask = 2147483647;
			files = (
				D03DA3991E3733CB00D439C9 /* AppDelegate.swift in Sources */,
				D03DA3BE1E3738F000D439C9 /* MainViewController.swift in Sources */,
			);
			runOnlyForDeploymentPostprocessing = 0;
		};
/* End PBXSourcesBuildPhase section */

/* Begin PBXVariantGroup section */
		D03DA39C1E3733CB00D439C9 /* Main.storyboard */ = {
			isa = PBXVariantGroup;
			children = (
				D03DA39D1E3733CB00D439C9 /* Base */,
			);
			name = Main.storyboard;
			path = ../..;
			sourceTree = "<group>";
		};
		D03DA3A11E3733CB00D439C9 /* LaunchScreen.storyboard */ = {
			isa = PBXVariantGroup;
			children = (
				D03DA3A21E3733CB00D439C9 /* Base */,
			);
			name = LaunchScreen.storyboard;
			sourceTree = "<group>";
		};
		D03DA3B11E37386500D439C9 /* Home.storyboard */ = {
			isa = PBXVariantGroup;
			children = (
				D03DA3B21E37386500D439C9 /* Base */,
			);
			name = Home.storyboard;
			path = ../..;
			sourceTree = "<group>";
		};
		D03DA3B41E37388100D439C9 /* Live.storyboard */ = {
			isa = PBXVariantGroup;
			children = (
				D03DA3B51E37388100D439C9 /* Base */,
			);
			name = Live.storyboard;
			path = ../..;
			sourceTree = "<group>";
		};
		D03DA3B71E37389D00D439C9 /* Follow.storyboard */ = {
			isa = PBXVariantGroup;
			children = (
				D03DA3B81E37389D00D439C9 /* Base */,
			);
			name = Follow.storyboard;
			path = ../..;
			sourceTree = "<group>";
		};
		D03DA3BA1E3738B400D439C9 /* Profile.storyboard */ = {
			isa = PBXVariantGroup;
			children = (
				D03DA3BB1E3738B400D439C9 /* Base */,
			);
			name = Profile.storyboard;
			path = ../..;
			sourceTree = "<group>";
		};
/* End PBXVariantGroup section */

/* Begin XCBuildConfiguration section */
		D03DA3A51E3733CB00D439C9 /* Debug */ = {
			isa = XCBuildConfiguration;
			buildSettings = {
				ALWAYS_SEARCH_USER_PATHS = NO;
				CLANG_ANALYZER_NONNULL = YES;
				CLANG_CXX_LANGUAGE_STANDARD = "gnu++0x";
				CLANG_CXX_LIBRARY = "libc++";
				CLANG_ENABLE_MODULES = YES;
				CLANG_ENABLE_OBJC_ARC = YES;
				CLANG_WARN_BOOL_CONVERSION = YES;
				CLANG_WARN_CONSTANT_CONVERSION = YES;
				CLANG_WARN_DIRECT_OBJC_ISA_USAGE = YES_ERROR;
				CLANG_WARN_DOCUMENTATION_COMMENTS = YES;
				CLANG_WARN_EMPTY_BODY = YES;
				CLANG_WARN_ENUM_CONVERSION = YES;
				CLANG_WARN_INFINITE_RECURSION = YES;
				CLANG_WARN_INT_CONVERSION = YES;
				CLANG_WARN_OBJC_ROOT_CLASS = YES_ERROR;
				CLANG_WARN_SUSPICIOUS_MOVE = YES;
				CLANG_WARN_UNREACHABLE_CODE = YES;
				CLANG_WARN__DUPLICATE_METHOD_MATCH = YES;
				"CODE_SIGN_IDENTITY[sdk=iphoneos*]" = "iPhone Developer";
				COPY_PHASE_STRIP = NO;
				DEBUG_INFORMATION_FORMAT = dwarf;
				ENABLE_STRICT_OBJC_MSGSEND = YES;
				ENABLE_TESTABILITY = YES;
				GCC_C_LANGUAGE_STANDARD = gnu99;
				GCC_DYNAMIC_NO_PIC = NO;
				GCC_NO_COMMON_BLOCKS = YES;
				GCC_OPTIMIZATION_LEVEL = 0;
				GCC_PREPROCESSOR_DEFINITIONS = (
					"DEBUG=1",
					"$(inherited)",
				);
				GCC_WARN_64_TO_32_BIT_CONVERSION = YES;
				GCC_WARN_ABOUT_RETURN_TYPE = YES_ERROR;
				GCC_WARN_UNDECLARED_SELECTOR = YES;
				GCC_WARN_UNINITIALIZED_AUTOS = YES_AGGRESSIVE;
				GCC_WARN_UNUSED_FUNCTION = YES;
				GCC_WARN_UNUSED_VARIABLE = YES;
				IPHONEOS_DEPLOYMENT_TARGET = 10.2;
				MTL_ENABLE_DEBUG_INFO = YES;
				ONLY_ACTIVE_ARCH = YES;
				SDKROOT = iphoneos;
				SWIFT_ACTIVE_COMPILATION_CONDITIONS = DEBUG;
				SWIFT_OPTIMIZATION_LEVEL = "-Onone";
			};
			name = Debug;
		};
		D03DA3A61E3733CB00D439C9 /* Release */ = {
			isa = XCBuildConfiguration;
			buildSettings = {
				ALWAYS_SEARCH_USER_PATHS = NO;
				CLANG_ANALYZER_NONNULL = YES;
				CLANG_CXX_LANGUAGE_STANDARD = "gnu++0x";
				CLANG_CXX_LIBRARY = "libc++";
				CLANG_ENABLE_MODULES = YES;
				CLANG_ENABLE_OBJC_ARC = YES;
				CLANG_WARN_BOOL_CONVERSION = YES;
				CLANG_WARN_CONSTANT_CONVERSION = YES;
				CLANG_WARN_DIRECT_OBJC_ISA_USAGE = YES_ERROR;
				CLANG_WARN_DOCUMENTATION_COMMENTS = YES;
				CLANG_WARN_EMPTY_BODY = YES;
				CLANG_WARN_ENUM_CONVERSION = YES;
				CLANG_WARN_INFINITE_RECURSION = YES;
				CLANG_WARN_INT_CONVERSION = YES;
				CLANG_WARN_OBJC_ROOT_CLASS = YES_ERROR;
				CLANG_WARN_SUSPICIOUS_MOVE = YES;
				CLANG_WARN_UNREACHABLE_CODE = YES;
				CLANG_WARN__DUPLICATE_METHOD_MATCH = YES;
				"CODE_SIGN_IDENTITY[sdk=iphoneos*]" = "iPhone Developer";
				COPY_PHASE_STRIP = NO;
				DEBUG_INFORMATION_FORMAT = "dwarf-with-dsym";
				ENABLE_NS_ASSERTIONS = NO;
				ENABLE_STRICT_OBJC_MSGSEND = YES;
				GCC_C_LANGUAGE_STANDARD = gnu99;
				GCC_NO_COMMON_BLOCKS = YES;
				GCC_WARN_64_TO_32_BIT_CONVERSION = YES;
				GCC_WARN_ABOUT_RETURN_TYPE = YES_ERROR;
				GCC_WARN_UNDECLARED_SELECTOR = YES;
				GCC_WARN_UNINITIALIZED_AUTOS = YES_AGGRESSIVE;
				GCC_WARN_UNUSED_FUNCTION = YES;
				GCC_WARN_UNUSED_VARIABLE = YES;
				IPHONEOS_DEPLOYMENT_TARGET = 10.2;
				MTL_ENABLE_DEBUG_INFO = NO;
				SDKROOT = iphoneos;
				SWIFT_OPTIMIZATION_LEVEL = "-Owholemodule";
				VALIDATE_PRODUCT = YES;
			};
			name = Release;
		};
		D03DA3A81E3733CB00D439C9 /* Debug */ = {
			isa = XCBuildConfiguration;
			buildSettings = {
				ASSETCATALOG_COMPILER_APPICON_NAME = AppIcon;
				ASSETCATALOG_COMPILER_LAUNCHIMAGE_NAME = LaunchImage;
				DEVELOPMENT_TEAM = 64S32V5VAH;
				INFOPLIST_FILE = DouYuTV/Info.plist;
				IPHONEOS_DEPLOYMENT_TARGET = 9.0;
				LD_RUNPATH_SEARCH_PATHS = "$(inherited) @executable_path/Frameworks";
				PRODUCT_BUNDLE_IDENTIFIER = com.jerei.DouYuTV;
				PRODUCT_NAME = "$(TARGET_NAME)";
				SWIFT_VERSION = 3.0;
			};
			name = Debug;
		};
		D03DA3A91E3733CB00D439C9 /* Release */ = {
			isa = XCBuildConfiguration;
			buildSettings = {
				ASSETCATALOG_COMPILER_APPICON_NAME = AppIcon;
				ASSETCATALOG_COMPILER_LAUNCHIMAGE_NAME = LaunchImage;
				DEVELOPMENT_TEAM = 64S32V5VAH;
				INFOPLIST_FILE = DouYuTV/Info.plist;
				IPHONEOS_DEPLOYMENT_TARGET = 9.0;
				LD_RUNPATH_SEARCH_PATHS = "$(inherited) @executable_path/Frameworks";
				PRODUCT_BUNDLE_IDENTIFIER = com.jerei.DouYuTV;
				PRODUCT_NAME = "$(TARGET_NAME)";
				SWIFT_VERSION = 3.0;
			};
			name = Release;
		};
/* End XCBuildConfiguration section */

/* Begin XCConfigurationList section */
		D03DA3901E3733CB00D439C9 /* Build configuration list for PBXProject "DouYuTV" */ = {
			isa = XCConfigurationList;
			buildConfigurations = (
				D03DA3A51E3733CB00D439C9 /* Debug */,
				D03DA3A61E3733CB00D439C9 /* Release */,
			);
			defaultConfigurationIsVisible = 0;
			defaultConfigurationName = Release;
		};
		D03DA3A71E3733CB00D439C9 /* Build configuration list for PBXNativeTarget "DouYuTV" */ = {
			isa = XCConfigurationList;
			buildConfigurations = (
				D03DA3A81E3733CB00D439C9 /* Debug */,
				D03DA3A91E3733CB00D439C9 /* Release */,
			);
			defaultConfigurationIsVisible = 0;
		};
/* End XCConfigurationList section */
	};
	rootObject = D03DA38D1E3733CB00D439C9 /* Project object */;
}
